// !$*UTF8*$!
{
	archiveVersion = 1;
	classes = {
	};
	objectVersion = 56;
	objects = {

/* Begin PBXBuildFile section */
		F11F0AEF28D1C14D000FA660 /* MatchedViewApp.swift in Sources */ = {isa = PBXBuildFile; fileRef = F11F0AEE28D1C14D000FA660 /* MatchedViewApp.swift */; };
		F11F0AF128D1C14D000FA660 /* ContentView.swift in Sources */ = {isa = PBXBuildFile; fileRef = F11F0AF028D1C14D000FA660 /* ContentView.swift */; };
		F11F0AF328D1C14E000FA660 /* Assets.xcassets in Resources */ = {isa = PBXBuildFile; fileRef = F11F0AF228D1C14E000FA660 /* Assets.xcassets */; };
		F11F0AF628D1C14E000FA660 /* Preview Assets.xcassets in Resources */ = {isa = PBXBuildFile; fileRef = F11F0AF528D1C14E000FA660 /* Preview Assets.xcassets */; };
		F11F0AFE28D1C18E000FA660 /* Item.swift in Sources */ = {isa = PBXBuildFile; fileRef = F11F0AFD28D1C18E000FA660 /* Item.swift */; };
		F11F0B0028D1C1BC000FA660 /* ItemContents.swift in Sources */ = {isa = PBXBuildFile; fileRef = F11F0AFF28D1C1BC000FA660 /* ItemContents.swift */; };
		F11F0B0528D1C27F000FA660 /* Detail.swift in Sources */ = {isa = PBXBuildFile; fileRef = F11F0B0428D1C27F000FA660 /* Detail.swift */; };
		F11F0B0928D1C382000FA660 /* ListView.swift in Sources */ = {isa = PBXBuildFile; fileRef = F11F0B0828D1C382000FA660 /* ListView.swift */; };
/* End PBXBuildFile section */

/* Begin PBXFileReference section */
		F11F0AEB28D1C14D000FA660 /* MatchedView.app */ = {isa = PBXFileReference; explicitFileType = wrapper.application; includeInIndex = 0; path = MatchedView.app; sourceTree = BUILT_PRODUCTS_DIR; };
		F11F0AEE28D1C14D000FA660 /* MatchedViewApp.swift */ = {isa = PBXFileReference; lastKnownFileType = sourcecode.swift; path = MatchedViewApp.swift; sourceTree = "<group>"; };
		F11F0AF028D1C14D000FA660 /* ContentView.swift */ = {isa = PBXFileReference; lastKnownFileType = sourcecode.swift; path = ContentView.swift; sourceTree = "<group>"; };
		F11F0AF228D1C14E000FA660 /* Assets.xcassets */ = {isa = PBXFileReference; lastKnownFileType = folder.assetcatalog; path = Assets.xcassets; sourceTree = "<group>"; };
		F11F0AF528D1C14E000FA660 /* Preview Assets.xcassets */ = {isa = PBXFileReference; lastKnownFileType = folder.assetcatalog; path = "Preview Assets.xcassets"; sourceTree = "<group>"; };
		F11F0AFD28D1C18E000FA660 /* Item.swift */ = {isa = PBXFileReference; lastKnownFileType = sourcecode.swift; path = Item.swift; sourceTree = "<group>"; };
		F11F0AFF28D1C1BC000FA660 /* ItemContents.swift */ = {isa = PBXFileReference; lastKnownFileType = sourcecode.swift; path = ItemContents.swift; sourceTree = "<group>"; };
		F11F0B0428D1C27F000FA660 /* Detail.swift */ = {isa = PBXFileReference; lastKnownFileType = sourcecode.swift; path = Detail.swift; sourceTree = "<group>"; };
		F11F0B0828D1C382000FA660 /* ListView.swift */ = {isa = PBXFileReference; lastKnownFileType = sourcecode.swift; path = ListView.swift; sourceTree = "<group>"; };
/* End PBXFileReference section */

/* Begin PBXFrameworksBuildPhase section */
		F11F0AE828D1C14D000FA660 /* Frameworks */ = {
			isa = PBXFrameworksBuildPhase;
			buildActionMask = 2147483647;
			files = (
			);
			runOnlyForDeploymentPostprocessing = 0;
		};
/* End PBXFrameworksBuildPhase section */

/* Begin PBXGroup section */
		F11F0AE228D1C14D000FA660 = {
			isa = PBXGroup;
			children = (
				F11F0AED28D1C14D000FA660 /* MatchedView */,
				F11F0AEC28D1C14D000FA660 /* Products */,
			);
			sourceTree = "<group>";
		};
		F11F0AEC28D1C14D000FA660 /* Products */ = {
			isa = PBXGroup;
			children = (
				F11F0AEB28D1C14D000FA660 /* MatchedView.app */,
			);
			name = Products;
			sourceTree = "<group>";
		};
		F11F0AED28D1C14D000FA660 /* MatchedView */ = {
			isa = PBXGroup;
			children = (
				F11F0AEE28D1C14D000FA660 /* MatchedViewApp.swift */,
				F11F0AFD28D1C18E000FA660 /* Item.swift */,
				F11F0AFF28D1C1BC000FA660 /* ItemContents.swift */,
				F11F0AF028D1C14D000FA660 /* ContentView.swift */,
				F11F0B0828D1C382000FA660 /* ListView.swift */,
				F11F0B0428D1C27F000FA660 /* Detail.swift */,
				F11F0AF228D1C14E000FA660 /* Assets.xcassets */,
				F11F0AF428D1C14E000FA660 /* Preview Content */,
			);
			path = MatchedView;
			sourceTree = "<group>";
		};
		F11F0AF428D1C14E000FA660 /* Preview Content */ = {
			isa = PBXGroup;
			children = (
				F11F0AF528D1C14E000FA660 /* Preview Assets.xcassets */,
			);
			path = "Preview Content";
			sourceTree = "<group>";
		};
/* End PBXGroup section */

/* Begin PBXNativeTarget section */
		F11F0AEA28D1C14D000FA660 /* MatchedView */ = {
			isa = PBXNativeTarget;
			buildConfigurationList = F11F0AF928D1C14E000FA660 /* Build configuration list for PBXNativeTarget "MatchedView" */;
			buildPhases = (
				F11F0AE728D1C14D000FA660 /* Sources */,
				F11F0AE828D1C14D000FA660 /* Frameworks */,
				F11F0AE928D1C14D000FA660 /* Resources */,
			);
			buildRules = (
			);
			dependencies = (
			);
			name = MatchedView;
			productName = MatchedView;
			productReference = F11F0AEB28D1C14D000FA660 /* MatchedView.app */;
			productType = "com.apple.product-type.application";
		};
/* End PBXNativeTarget section */

/* Begin PBXProject section */
		F11F0AE328D1C14D000FA660 /* Project object */ = {
			isa = PBXProject;
			attributes = {
				BuildIndependentTargetsInParallel = 1;
				LastSwiftUpdateCheck = 1400;
				LastUpgradeCheck = 1400;
				TargetAttributes = {
					F11F0AEA28D1C14D000FA660 = {
						CreatedOnToolsVersion = 14.0;
					};
				};
			};
			buildConfigurationList = F11F0AE628D1C14D000FA660 /* Build configuration list for PBXProject "MatchedView" */;
			compatibilityVersion = "Xcode 14.0";
			developmentRegion = en;
			hasScannedForEncodings = 0;
			knownRegions = (
				en,
				Base,
			);
			mainGroup = F11F0AE228D1C14D000FA660;
			productRefGroup = F11F0AEC28D1C14D000FA660 /* Products */;
			projectDirPath = "";
			projectRoot = "";
			targets = (
				F11F0AEA28D1C14D000FA660 /* MatchedView */,
			);
		};
/* End PBXProject section */

/* Begin PBXResourcesBuildPhase section */
		F11F0AE928D1C14D000FA660 /* Resources */ = {
			isa = PBXResourcesBuildPhase;
			buildActionMask = 2147483647;
			files = (
				F11F0AF628D1C14E000FA660 /* Preview Assets.xcassets in Resources */,
				F11F0AF328D1C14E000FA660 /* Assets.xcassets in Resources */,
			);
			runOnlyForDeploymentPostprocessing = 0;
		};
/* End PBXResourcesBuildPhase section */

/* Begin PBXSourcesBuildPhase section */
		F11F0AE728D1C14D000FA660 /* Sources */ = {
			isa = PBXSourcesBuildPhase;
			buildActionMask = 2147483647;
			files = (
				F11F0AF128D1C14D000FA660 /* ContentView.swift in Sources */,
				F11F0AFE28D1C18E000FA660 /* Item.swift in Sources */,
				F11F0B0528D1C27F000FA660 /* Detail.swift in Sources */,
				F11F0B0928D1C382000FA660 /* ListView.swift in Sources */,
				F11F0B0028D1C1BC000FA660 /* ItemContents.swift in Sources */,
				F11F0AEF28D1C14D000FA660 /* MatchedViewApp.swift in Sources */,
			);
			runOnlyForDeploymentPostprocessing = 0;
		};
/* End PBXSourcesBuildPhase section */

/* Begin XCBuildConfiguration section */
		F11F0AF728D1C14E000FA660 /* Debug */ = {
			isa = XCBuildConfiguration;
			buildSettings = {
				ALWAYS_SEARCH_USER_PATHS = NO;
				CLANG_ANALYZER_NONNULL = YES;
				CLANG_ANALYZER_NUMBER_OBJECT_CONVERSION = YES_AGGRESSIVE;
				CLANG_CXX_LANGUAGE_STANDARD = "gnu++20";
				CLANG_ENABLE_MODULES = YES;
				CLANG_ENABLE_OBJC_ARC = YES;
				CLANG_ENABLE_OBJC_WEAK = YES;
				CLANG_WARN_BLOCK_CAPTURE_AUTORELEASING = YES;
				CLANG_WARN_BOOL_CONVERSION = YES;
				CLANG_WARN_COMMA = YES;
				CLANG_WARN_CONSTANT_CONVERSION = YES;
				CLANG_WARN_DEPRECATED_OBJC_IMPLEMENTATIONS = YES;
				CLANG_WARN_DIRECT_OBJC_ISA_USAGE = YES_ERROR;
				CLANG_WARN_DOCUMENTATION_COMMENTS = YES;
				CLANG_WARN_EMPTY_BODY = YES;
				CLANG_WARN_ENUM_CONVERSION = YES;
				CLANG_WARN_INFINITE_RECURSION = YES;
				CLANG_WARN_INT_CONVERSION = YES;
				CLANG_WARN_NON_LITERAL_NULL_CONVERSION = YES;
				CLANG_WARN_OBJC_IMPLICIT_RETAIN_SELF = YES;
				CLANG_WARN_OBJC_LITERAL_CONVERSION = YES;
				CLANG_WARN_OBJC_ROOT_CLASS = YES_ERROR;
				CLANG_WARN_QUOTED_INCLUDE_IN_FRAMEWORK_HEADER = YES;
				CLANG_WARN_RANGE_LOOP_ANALYSIS = YES;
				CLANG_WARN_STRICT_PROTOTYPES = YES;
				CLANG_WARN_SUSPICIOUS_MOVE = YES;
				CLANG_WARN_UNGUARDED_AVAILABILITY = YES_AGGRESSIVE;
				CLANG_WARN_UNREACHABLE_CODE = YES;
				CLANG_WARN__DUPLICATE_METHOD_MATCH = YES;
				COPY_PHASE_STRIP = NO;
				DEBUG_INFORMATION_FORMAT = dwarf;
				ENABLE_STRICT_OBJC_MSGSEND = YES;
				ENABLE_TESTABILITY = YES;
				GCC_C_LANGUAGE_STANDARD = gnu11;
				GCC_DYNAMIC_NO_PIC = NO;
				GCC_NO_COMMON_BLOCKS = YES;
				GCC_OPTIMIZATION_LEVEL = 0;
				GCC_PREPROCESSOR_DEFINITIONS = (
					"DEBUG=1",
					"$(inherited)",
				);
				GCC_WARN_64_TO_32_BIT_CONVERSION = YES;
				GCC_WARN_ABOUT_RETURN_TYPE = YES_ERROR;
				GCC_WARN_UNDECLARED_SELECTOR = YES;
				GCC_WARN_UNINITIALIZED_AUTOS = YES_AGGRESSIVE;
				GCC_WARN_UNUSED_FUNCTION = YES;
				GCC_WARN_UNUSED_VARIABLE = YES;
				IPHONEOS_DEPLOYMENT_TARGET = 16.0;
				MTL_ENABLE_DEBUG_INFO = INCLUDE_SOURCE;
				MTL_FAST_MATH = YES;
				ONLY_ACTIVE_ARCH = YES;
				SDKROOT = iphoneos;
				SWIFT_ACTIVE_COMPILATION_CONDITIONS = DEBUG;
				SWIFT_OPTIMIZATION_LEVEL = "-Onone";
			};
			name = Debug;
		};
		F11F0AF828D1C14E000FA660 /* Release */ = {
			isa = XCBuildConfiguration;
			buildSettings = {
				ALWAYS_SEARCH_USER_PATHS = NO;
				CLANG_ANALYZER_NONNULL = YES;
				CLANG_ANALYZER_NUMBER_OBJECT_CONVERSION = YES_AGGRESSIVE;
				CLANG_CXX_LANGUAGE_STANDARD = "gnu++20";
				CLANG_ENABLE_MODULES = YES;
				CLANG_ENABLE_OBJC_ARC = YES;
				CLANG_ENABLE_OBJC_WEAK = YES;
				CLANG_WARN_BLOCK_CAPTURE_AUTORELEASING = YES;
				CLANG_WARN_BOOL_CONVERSION = YES;
				CLANG_WARN_COMMA = YES;
				CLANG_WARN_CONSTANT_CONVERSION = YES;
				CLANG_WARN_DEPRECATED_OBJC_IMPLEMENTATIONS = YES;
				CLANG_WARN_DIRECT_OBJC_ISA_USAGE = YES_ERROR;
				CLANG_WARN_DOCUMENTATION_COMMENTS = YES;
				CLANG_WARN_EMPTY_BODY = YES;
				CLANG_WARN_ENUM_CONVERSION = YES;
				CLANG_WARN_INFINITE_RECURSION = YES;
				CLANG_WARN_INT_CONVERSION = YES;
				CLANG_WARN_NON_LITERAL_NULL_CONVERSION = YES;
				CLANG_WARN_OBJC_IMPLICIT_RETAIN_SELF = YES;
				CLANG_WARN_OBJC_LITERAL_CONVERSION = YES;
				CLANG_WARN_OBJC_ROOT_CLASS = YES_ERROR;
				CLANG_WARN_QUOTED_INCLUDE_IN_FRAMEWORK_HEADER = YES;
				CLANG_WARN_RANGE_LOOP_ANALYSIS = YES;
				CLANG_WARN_STRICT_PROTOTYPES = YES;
				CLANG_WARN_SUSPICIOUS_MOVE = YES;
				CLANG_WARN_UNGUARDED_AVAILABILITY = YES_AGGRESSIVE;
				CLANG_WARN_UNREACHABLE_CODE = YES;
				CLANG_WARN__DUPLICATE_METHOD_MATCH = YES;
				COPY_PHASE_STRIP = NO;
				DEBUG_INFORMATION_FORMAT = "dwarf-with-dsym";
				ENABLE_NS_ASSERTIONS = NO;
				ENABLE_STRICT_OBJC_MSGSEND = YES;
				GCC_C_LANGUAGE_STANDARD = gnu11;
				GCC_NO_COMMON_BLOCKS = YES;
				GCC_WARN_64_TO_32_BIT_CONVERSION = YES;
				GCC_WARN_ABOUT_RETURN_TYPE = YES_ERROR;
				GCC_WARN_UNDECLARED_SELECTOR = YES;
				GCC_WARN_UNINITIALIZED_AUTOS = YES_AGGRESSIVE;
				GCC_WARN_UNUSED_FUNCTION = YES;
				GCC_WARN_UNUSED_VARIABLE = YES;
				IPHONEOS_DEPLOYMENT_TARGET = 16.0;
				MTL_ENABLE_DEBUG_INFO = NO;
				MTL_FAST_MATH = YES;
				SDKROOT = iphoneos;
				SWIFT_COMPILATION_MODE = wholemodule;
				SWIFT_OPTIMIZATION_LEVEL = "-O";
				VALIDATE_PRODUCT = YES;
			};
			name = Release;
		};
		F11F0AFA28D1C14E000FA660 /* Debug */ = {
			isa = XCBuildConfiguration;
			buildSettings = {
				ASSETCATALOG_COMPILER_APPICON_NAME = AppIcon;
				ASSETCATALOG_COMPILER_GLOBAL_ACCENT_COLOR_NAME = AccentColor;
				CODE_SIGN_STYLE = Automatic;
				CURRENT_PROJECT_VERSION = 1;
				DEVELOPMENT_ASSET_PATHS = "\"MatchedView/Preview Content\"";
				DEVELOPMENT_TEAM = PQ97K9KW8R;
				ENABLE_PREVIEWS = YES;
				GENERATE_INFOPLIST_FILE = YES;
				INFOPLIST_KEY_UIApplicationSceneManifest_Generation = YES;
				INFOPLIST_KEY_UIApplicationSupportsIndirectInputEvents = YES;
				INFOPLIST_KEY_UILaunchScreen_Generation = YES;
				INFOPLIST_KEY_UISupportedInterfaceOrientations_iPad = "UIInterfaceOrientationPortrait UIInterfaceOrientationPortraitUpsideDown UIInterfaceOrientationLandscapeLeft UIInterfaceOrientationLandscapeRight";
				INFOPLIST_KEY_UISupportedInterfaceOrientations_iPhone = "UIInterfaceOrientationPortrait UIInterfaceOrientationLandscapeLeft UIInterfaceOrientationLandscapeRight";
				LD_RUNPATH_SEARCH_PATHS = (
					"$(inherited)",
					"@executable_path/Frameworks",
				);
				MARKETING_VERSION = 1.0;
				PRODUCT_BUNDLE_IDENTIFIER = liulml.MatchedView;
				PRODUCT_NAME = "$(TARGET_NAME)";
				SWIFT_EMIT_LOC_STRINGS = YES;
				SWIFT_VERSION = 5.0;
				TARGETED_DEVICE_FAMILY = "1,2";
			};
			name = Debug;
		};
		F11F0AFB28D1C14E000FA660 /* Release */ = {
			isa = XCBuildConfiguration;
			buildSettings = {
				ASSETCATALOG_COMPILER_APPICON_NAME = AppIcon;
				ASSETCATALOG_COMPILER_GLOBAL_ACCENT_COLOR_NAME = AccentColor;
				CODE_SIGN_STYLE = Automatic;
				CURRENT_PROJECT_VERSION = 1;
				DEVELOPMENT_ASSET_PATHS = "\"MatchedView/Preview Content\"";
				DEVELOPMENT_TEAM = PQ97K9KW8R;
				ENABLE_PREVIEWS = YES;
				GENERATE_INFOPLIST_FILE = YES;
				INFOPLIST_KEY_UIApplicationSceneManifest_Generation = YES;
				INFOPLIST_KEY_UIApplicationSupportsIndirectInputEvents = YES;
				INFOPLIST_KEY_UILaunchScreen_Generation = YES;
				INFOPLIST_KEY_UISupportedInterfaceOrientations_iPad = "UIInterfaceOrientationPortrait UIInterfaceOrientationPortraitUpsideDown UIInterfaceOrientationLandscapeLeft UIInterfaceOrientationLandscapeRight";
				INFOPLIST_KEY_UISupportedInterfaceOrientations_iPhone = "UIInterfaceOrientationPortrait UIInterfaceOrientationLandscapeLeft UIInterfaceOrientationLandscapeRight";
				LD_RUNPATH_SEARCH_PATHS = (
					"$(inherited)",
					"@executable_path/Frameworks",
				);
				MARKETING_VERSION = 1.0;
				PRODUCT_BUNDLE_IDENTIFIER = liulml.MatchedView;
				PRODUCT_NAME = "$(TARGET_NAME)";
				SWIFT_EMIT_LOC_STRINGS = YES;
				SWIFT_VERSION = 5.0;
				TARGETED_DEVICE_FAMILY = "1,2";
			};
			name = Release;
		};
/* End XCBuildConfiguration section */

/* Begin XCConfigurationList section */
		F11F0AE628D1C14D000FA660 /* Build configuration list for PBXProject "MatchedView" */ = {
			isa = XCConfigurationList;
			buildConfigurations = (
				F11F0AF728D1C14E000FA660 /* Debug */,
				F11F0AF828D1C14E000FA660 /* Release */,
			);
			defaultConfigurationIsVisible = 0;
			defaultConfigurationName = Release;
		};
		F11F0AF928D1C14E000FA660 /* Build configuration list for PBXNativeTarget "MatchedView" */ = {
			isa = XCConfigurationList;
			buildConfigurations = (
				F11F0AFA28D1C14E000FA660 /* Debug */,
				F11F0AFB28D1C14E000FA660 /* Release */,
			);
			defaultConfigurationIsVisible = 0;
			defaultConfigurationName = Release;
		};
/* End XCConfigurationList section */
	};
	rootObject = F11F0AE328D1C14D000FA660 /* Project object */;
}
